
Microsoft Visual Studio Solution File, Format Version 12.00
# Visual Studio 2013
Project("{FAE04EC0-301F-11D3-BF4B-00C04F79EFBC}") = "neko", "neko\neko.csproj", "{79190127-fe53-4b9a-a743-7dc4b758418c}"
EndProject
Global
	GlobalSection(SolutionConfigurationPlatforms) = preSolution
		Debug|Any CPU = Debug|Any CPU
		Release|Any CPU = Release|Any CPU
	EndGlobalSection
	GlobalSection(ProjectConfigurationPlatforms) = postSolution
		{79190127-FE53-4B9A-A743-7DC4B758418C}.Debug|Any CPU.ActiveCfg = Debug|Any CPU
		{79190127-FE53-4B9A-A743-7DC4B758418C}.Debug|Any CPU.Build.0 = Debug|Any CPU
		{79190127-FE53-4B9A-A743-7DC4B758418C}.Release|Any CPU.ActiveCfg = Release|Any CPU
		{79190127-FE53-4B9A-A743-7DC4B758418C}.Release|Any CPU.Build.0 = Release|Any CPU
	EndGlobalSection
EndGlobal
